
Microsoft Visual Studio Solution File, Format Version 12.00
# Visual Studio Version 17
VisualStudioVersion = 17.9.34622.214
MinimumVisualStudioVersion = 10.0.40219.1
Project("{9A19103F-16F7-4668-BE54-9A1E7A4F7556}") = "Server", "Server\Server.csproj", "{4508438E-F2BE-48D9-8962-38BE9E191352}"
EndProject
Project("{FAE04EC0-301F-11D3-BF4B-00C04F79EFBC}") = "DAL", "DAL\DAL.csproj", "{3289AA87-8D4B-4BD9-B649-AC4979440BA0}"
EndProject
Project("{FAE04EC0-301F-11D3-BF4B-00C04F79EFBC}") = "BL", "BL\BL.csproj", "{908A77CA-D6C0-487B-BF12-B0719D0A909A}"
EndProject
Global
	GlobalSection(SolutionConfigurationPlatforms) = preSolution
		Debug|Any CPU = Debug|Any CPU
		Release|Any CPU = Release|Any CPU
	EndGlobalSection
	GlobalSection(ProjectConfigurationPlatforms) = postSolution
		{4508438E-F2BE-48D9-8962-38BE9E191352}.Debug|Any CPU.ActiveCfg = Debug|Any CPU
		{4508438E-F2BE-48D9-8962-38BE9E191352}.Debug|Any CPU.Build.0 = Debug|Any CPU
		{4508438E-F2BE-48D9-8962-38BE9E191352}.Release|Any CPU.ActiveCfg = Release|Any CPU
		{4508438E-F2BE-48D9-8962-38BE9E191352}.Release|Any CPU.Build.0 = Release|Any CPU
		{3289AA87-8D4B-4BD9-B649-AC4979440BA0}.Debug|Any CPU.ActiveCfg = Debug|Any CPU
		{3289AA87-8D4B-4BD9-B649-AC4979440BA0}.Debug|Any CPU.Build.0 = Debug|Any CPU
		{3289AA87-8D4B-4BD9-B649-AC4979440BA0}.Release|Any CPU.ActiveCfg = Release|Any CPU
		{3289AA87-8D4B-4BD9-B649-AC4979440BA0}.Release|Any CPU.Build.0 = Release|Any CPU
		{908A77CA-D6C0-487B-BF12-B0719D0A909A}.Debug|Any CPU.ActiveCfg = Debug|Any CPU
		{908A77CA-D6C0-487B-BF12-B0719D0A909A}.Debug|Any CPU.Build.0 = Debug|Any CPU
		{908A77CA-D6C0-487B-BF12-B0719D0A909A}.Release|Any CPU.ActiveCfg = Release|Any CPU
		{908A77CA-D6C0-487B-BF12-B0719D0A909A}.Release|Any CPU.Build.0 = Release|Any CPU
	EndGlobalSection
	GlobalSection(SolutionProperties) = preSolution
		HideSolutionNode = FALSE
	EndGlobalSection
	GlobalSection(ExtensibilityGlobals) = postSolution
		SolutionGuid = {0575BFC7-FCF9-4214-BE9E-59FC09C3A63E}
	EndGlobalSection
EndGlobal
